
Microsoft Visual Studio Solution File, Format Version 12.00
# Visual Studio Version 16
VisualStudioVersion = 16.0.809.7
MinimumVisualStudioVersion = 10.0.40219.1
Project("{FAE04EC0-301F-11D3-BF4B-00C04F79EFBC}") = "newToCsharp", "newToCsharp.csproj", "{3F16C1D1-CD6E-467F-A34B-96244ADBF25D}"
EndProject
Global
	GlobalSection(SolutionConfigurationPlatforms) = preSolution
		Debug|Any CPU = Debug|Any CPU
		Release|Any CPU = Release|Any CPU
	EndGlobalSection
	GlobalSection(ProjectConfigurationPlatforms) = postSolution
		{3F16C1D1-CD6E-467F-A34B-96244ADBF25D}.Debug|Any CPU.ActiveCfg = Debug|Any CPU
		{3F16C1D1-CD6E-467F-A34B-96244ADBF25D}.Debug|Any CPU.Build.0 = Debug|Any CPU
		{3F16C1D1-CD6E-467F-A34B-96244ADBF25D}.Release|Any CPU.ActiveCfg = Release|Any CPU
		{3F16C1D1-CD6E-467F-A34B-96244ADBF25D}.Release|Any CPU.Build.0 = Release|Any CPU
	EndGlobalSection
	GlobalSection(SolutionProperties) = preSolution
		HideSolutionNode = FALSE
	EndGlobalSection
	GlobalSection(ExtensibilityGlobals) = postSolution
		SolutionGuid = {172B48F5-F856-44E8-A898-998DA97DBD1D}
	EndGlobalSection
EndGlobal
